
Microsoft Visual Studio Solution File, Format Version 12.00
# Visual Studio Version 17
VisualStudioVersion = 17.7.34003.232
MinimumVisualStudioVersion = 10.0.40219.1
Project("{FAE04EC0-301F-11D3-BF4B-00C04F79EFBC}") = "PNumerico", "PNumerico\PNumerico.csproj", "{D70BA1F3-48E5-4FAD-9102-D139C834B708}"
EndProject
Global
	GlobalSection(SolutionConfigurationPlatforms) = preSolution
		Debug|Any CPU = Debug|Any CPU
		Release|Any CPU = Release|Any CPU
	EndGlobalSection
	GlobalSection(ProjectConfigurationPlatforms) = postSolution
		{D70BA1F3-48E5-4FAD-9102-D139C834B708}.Debug|Any CPU.ActiveCfg = Debug|Any CPU
		{D70BA1F3-48E5-4FAD-9102-D139C834B708}.Debug|Any CPU.Build.0 = Debug|Any CPU
		{D70BA1F3-48E5-4FAD-9102-D139C834B708}.Release|Any CPU.ActiveCfg = Release|Any CPU
		{D70BA1F3-48E5-4FAD-9102-D139C834B708}.Release|Any CPU.Build.0 = Release|Any CPU
	EndGlobalSection
	GlobalSection(SolutionProperties) = preSolution
		HideSolutionNode = FALSE
	EndGlobalSection
	GlobalSection(ExtensibilityGlobals) = postSolution
		SolutionGuid = {23D73D9B-A8C2-4205-9422-C2CD7A876CDE}
	EndGlobalSection
EndGlobal
